
Microsoft Visual Studio Solution File, Format Version 12.00
# Visual Studio Version 16
VisualStudioVersion = 16.0.29411.108
MinimumVisualStudioVersion = 10.0.40219.1
Project("{9A19103F-16F7-4668-BE54-9A1E7A4F7556}") = "QualityEvaluationChangeHistory", "QualityEvaluationChangeHistory\QualityEvaluationChangeHistory.csproj", "{D04BAE87-1932-45AB-9DF8-04BBD468C57A}"
EndProject
Project("{FAE04EC0-301F-11D3-BF4B-00C04F79EFBC}") = "QualityEvaluationChangeHistory.BusinessLogic", "QualityEvaluationChangeHistory.BusinessLogic\QualityEvaluationChangeHistory.BusinessLogic.csproj", "{11891E04-40BF-4D0F-9CDE-1209D4BE7434}"
EndProject
Project("{FAE04EC0-301F-11D3-BF4B-00C04F79EFBC}") = "QualityEvaluationChangeHistory.Model", "QualityEvaluationChangeHistory.Model\QualityEvaluationChangeHistory.Model.csproj", "{D7CAAB11-EBE5-461C-8871-A10E51712973}"
EndProject
Global
	GlobalSection(SolutionConfigurationPlatforms) = preSolution
		Debug|Any CPU = Debug|Any CPU
		Release|Any CPU = Release|Any CPU
	EndGlobalSection
	GlobalSection(ProjectConfigurationPlatforms) = postSolution
		{D04BAE87-1932-45AB-9DF8-04BBD468C57A}.Debug|Any CPU.ActiveCfg = Debug|Any CPU
		{D04BAE87-1932-45AB-9DF8-04BBD468C57A}.Debug|Any CPU.Build.0 = Debug|Any CPU
		{D04BAE87-1932-45AB-9DF8-04BBD468C57A}.Release|Any CPU.ActiveCfg = Release|Any CPU
		{D04BAE87-1932-45AB-9DF8-04BBD468C57A}.Release|Any CPU.Build.0 = Release|Any CPU
		{11891E04-40BF-4D0F-9CDE-1209D4BE7434}.Debug|Any CPU.ActiveCfg = Debug|Any CPU
		{11891E04-40BF-4D0F-9CDE-1209D4BE7434}.Debug|Any CPU.Build.0 = Debug|Any CPU
		{11891E04-40BF-4D0F-9CDE-1209D4BE7434}.Release|Any CPU.ActiveCfg = Release|Any CPU
		{11891E04-40BF-4D0F-9CDE-1209D4BE7434}.Release|Any CPU.Build.0 = Release|Any CPU
		{D7CAAB11-EBE5-461C-8871-A10E51712973}.Debug|Any CPU.ActiveCfg = Debug|Any CPU
		{D7CAAB11-EBE5-461C-8871-A10E51712973}.Debug|Any CPU.Build.0 = Debug|Any CPU
		{D7CAAB11-EBE5-461C-8871-A10E51712973}.Release|Any CPU.ActiveCfg = Release|Any CPU
		{D7CAAB11-EBE5-461C-8871-A10E51712973}.Release|Any CPU.Build.0 = Release|Any CPU
	EndGlobalSection
	GlobalSection(SolutionProperties) = preSolution
		HideSolutionNode = FALSE
	EndGlobalSection
	GlobalSection(ExtensibilityGlobals) = postSolution
		SolutionGuid = {8D35E45D-9934-42D8-9B12-8B7BA818BCFB}
	EndGlobalSection
EndGlobal
